// !$*UTF8*$!
{
	archiveVersion = 1;
	classes = {
	};
	objectVersion = 55;
	objects = {

/* Begin PBXBuildFile section */
		1E1130BE2AD86FC60050F12E /* SearchViewController.swift in Sources */ = {isa = PBXBuildFile; fileRef = 1E1130BD2AD86FC60050F12E /* SearchViewController.swift */; };
		1E1130C02AD86FD30050F12E /* SearchViewModel.swift in Sources */ = {isa = PBXBuildFile; fileRef = 1E1130BF2AD86FD30050F12E /* SearchViewModel.swift */; };
		1E1130C22AD871450050F12E /* SearchNewsTableViewCell.swift in Sources */ = {isa = PBXBuildFile; fileRef = 1E1130C12AD871450050F12E /* SearchNewsTableViewCell.swift */; };
		1E1244AA29CA77550031B121 /* SDWebImage in Frameworks */ = {isa = PBXBuildFile; productRef = 1E1244A929CA77550031B121 /* SDWebImage */; };
		1E1244AC29CA77550031B121 /* SDWebImageMapKit in Frameworks */ = {isa = PBXBuildFile; productRef = 1E1244AB29CA77550031B121 /* SDWebImageMapKit */; };
		1E14A8612AD774E000AC7518 /* CoreData.xcdatamodeld in Sources */ = {isa = PBXBuildFile; fileRef = 1E14A85F2AD774E000AC7518 /* CoreData.xcdatamodeld */; };
		1E14A8632AD775C400AC7518 /* CoreDataManager.swift in Sources */ = {isa = PBXBuildFile; fileRef = 1E14A8622AD775C400AC7518 /* CoreDataManager.swift */; };
		1E3525FD28F4DB06001491F6 /* infoViewController.swift in Sources */ = {isa = PBXBuildFile; fileRef = 1E3525FC28F4DB06001491F6 /* infoViewController.swift */; };
		1E451E2A29D26D9800BAC231 /* NewsViewModelTests.swift in Sources */ = {isa = PBXBuildFile; fileRef = 1E451E2929D26D9800BAC231 /* NewsViewModelTests.swift */; };
		1E451E3129D26E7300BAC231 /* NewsViewDelegateMock.swift in Sources */ = {isa = PBXBuildFile; fileRef = 1E451E3029D26E7300BAC231 /* NewsViewDelegateMock.swift */; };
		1E451E3329D2714200BAC231 /* APIMock.swift in Sources */ = {isa = PBXBuildFile; fileRef = 1E451E3229D2714200BAC231 /* APIMock.swift */; };
		1E4DDF0629D39CBF007D1A49 /* MainCoordinatotTest.swift in Sources */ = {isa = PBXBuildFile; fileRef = 1E4DDF0529D39CBF007D1A49 /* MainCoordinatotTest.swift */; };
		1E4DDF0929D39D0D007D1A49 /* NavigationControllerMock.swift in Sources */ = {isa = PBXBuildFile; fileRef = 1E4DDF0829D39D0D007D1A49 /* NavigationControllerMock.swift */; };
		1E4DDF0B29D3A16A007D1A49 /* NewsViewControllerTest.swift in Sources */ = {isa = PBXBuildFile; fileRef = 1E4DDF0A29D3A16A007D1A49 /* NewsViewControllerTest.swift */; };
		1E7D6890296658B300C6C6B8 /* MainCoordinator.swift in Sources */ = {isa = PBXBuildFile; fileRef = 1E7D688F296658B300C6C6B8 /* MainCoordinator.swift */; };
		1ED6CDD1296B61D500B664DB /* NewsViewModel.swift in Sources */ = {isa = PBXBuildFile; fileRef = 1ED6CDD0296B61D500B664DB /* NewsViewModel.swift */; };
		1ED6CDD3296B65B100B664DB /* MyNewsModel.swift in Sources */ = {isa = PBXBuildFile; fileRef = 1ED6CDD2296B65B100B664DB /* MyNewsModel.swift */; };
		1ED6CDD5296B727D00B664DB /* InfoViewModel.swift in Sources */ = {isa = PBXBuildFile; fileRef = 1ED6CDD4296B727D00B664DB /* InfoViewModel.swift */; };
		1EDA83A82AD60DF000603232 /* TabBarController.swift in Sources */ = {isa = PBXBuildFile; fileRef = 1EDA83A72AD60DF000603232 /* TabBarController.swift */; };
		1EDA83AD2AD60F6900603232 /* FavouriteViewController.swift in Sources */ = {isa = PBXBuildFile; fileRef = 1EDA83AC2AD60F6900603232 /* FavouriteViewController.swift */; };
		1EDA83AF2AD6220C00603232 /* FavouriteViewCell.swift in Sources */ = {isa = PBXBuildFile; fileRef = 1EDA83AE2AD6220C00603232 /* FavouriteViewCell.swift */; };
		1EDA83B22AD6228E00603232 /* Storage.swift in Sources */ = {isa = PBXBuildFile; fileRef = 1EDA83B12AD6228E00603232 /* Storage.swift */; };
		1EDA83B42AD6237E00603232 /* FavouriteViewModel.swift in Sources */ = {isa = PBXBuildFile; fileRef = 1EDA83B32AD6237E00603232 /* FavouriteViewModel.swift */; };
		1EDA83B62AD6264B00603232 /* FavouriteNewsModel.swift in Sources */ = {isa = PBXBuildFile; fileRef = 1EDA83B52AD6264B00603232 /* FavouriteNewsModel.swift */; };
		1EFE114928F301A5002C0CC1 /* AppDelegate.swift in Sources */ = {isa = PBXBuildFile; fileRef = 1EFE114828F301A5002C0CC1 /* AppDelegate.swift */; };
		1EFE114B28F301A5002C0CC1 /* SceneDelegate.swift in Sources */ = {isa = PBXBuildFile; fileRef = 1EFE114A28F301A5002C0CC1 /* SceneDelegate.swift */; };
		1EFE114D28F301A5002C0CC1 /* NewsViewController.swift in Sources */ = {isa = PBXBuildFile; fileRef = 1EFE114C28F301A5002C0CC1 /* NewsViewController.swift */; };
		1EFE115228F301A5002C0CC1 /* Assets.xcassets in Resources */ = {isa = PBXBuildFile; fileRef = 1EFE115128F301A5002C0CC1 /* Assets.xcassets */; };
		1EFE115528F301A5002C0CC1 /* LaunchScreen.storyboard in Resources */ = {isa = PBXBuildFile; fileRef = 1EFE115328F301A5002C0CC1 /* LaunchScreen.storyboard */; };
		1EFE116128F33B0C002C0CC1 /* NewsTableViewCell.swift in Sources */ = {isa = PBXBuildFile; fileRef = 1EFE116028F33B0C002C0CC1 /* NewsTableViewCell.swift */; };
		1EFE116428F33F56002C0CC1 /* APICaller.swift in Sources */ = {isa = PBXBuildFile; fileRef = 1EFE116328F33F56002C0CC1 /* APICaller.swift */; };
		1EFE116728F34186002C0CC1 /* NewsModel.swift in Sources */ = {isa = PBXBuildFile; fileRef = 1EFE116628F34186002C0CC1 /* NewsModel.swift */; };
		5B3C5DB7897776DE000B1FB5 /* Pods_Good_News.framework in Frameworks */ = {isa = PBXBuildFile; fileRef = 9A31829A1B3FF8217658719F /* Pods_Good_News.framework */; };
/* End PBXBuildFile section */

/* Begin PBXContainerItemProxy section */
		1E451E2B29D26D9800BAC231 /* PBXContainerItemProxy */ = {
			isa = PBXContainerItemProxy;
			containerPortal = 1EFE113D28F301A5002C0CC1 /* Project object */;
			proxyType = 1;
			remoteGlobalIDString = 1EFE114428F301A5002C0CC1;
			remoteInfo = "Good News";
		};
/* End PBXContainerItemProxy section */

/* Begin PBXFileReference section */
		1E1130BD2AD86FC60050F12E /* SearchViewController.swift */ = {isa = PBXFileReference; lastKnownFileType = sourcecode.swift; path = SearchViewController.swift; sourceTree = "<group>"; };
		1E1130BF2AD86FD30050F12E /* SearchViewModel.swift */ = {isa = PBXFileReference; lastKnownFileType = sourcecode.swift; path = SearchViewModel.swift; sourceTree = "<group>"; };
		1E1130C12AD871450050F12E /* SearchNewsTableViewCell.swift */ = {isa = PBXFileReference; lastKnownFileType = sourcecode.swift; path = SearchNewsTableViewCell.swift; sourceTree = "<group>"; };
		1E14A8602AD774E000AC7518 /* CoreData.xcdatamodel */ = {isa = PBXFileReference; lastKnownFileType = wrapper.xcdatamodel; path = CoreData.xcdatamodel; sourceTree = "<group>"; };
		1E14A8622AD775C400AC7518 /* CoreDataManager.swift */ = {isa = PBXFileReference; lastKnownFileType = sourcecode.swift; path = CoreDataManager.swift; sourceTree = "<group>"; };
		1E3525FC28F4DB06001491F6 /* infoViewController.swift */ = {isa = PBXFileReference; lastKnownFileType = sourcecode.swift; path = infoViewController.swift; sourceTree = "<group>"; };
		1E451E2729D26D9800BAC231 /* Good NewsTests.xctest */ = {isa = PBXFileReference; explicitFileType = wrapper.cfbundle; includeInIndex = 0; path = "Good NewsTests.xctest"; sourceTree = BUILT_PRODUCTS_DIR; };
		1E451E2929D26D9800BAC231 /* NewsViewModelTests.swift */ = {isa = PBXFileReference; lastKnownFileType = sourcecode.swift; path = NewsViewModelTests.swift; sourceTree = "<group>"; };
		1E451E3029D26E7300BAC231 /* NewsViewDelegateMock.swift */ = {isa = PBXFileReference; lastKnownFileType = sourcecode.swift; path = NewsViewDelegateMock.swift; sourceTree = "<group>"; };
		1E451E3229D2714200BAC231 /* APIMock.swift */ = {isa = PBXFileReference; lastKnownFileType = sourcecode.swift; path = APIMock.swift; sourceTree = "<group>"; };
		1E4DDF0529D39CBF007D1A49 /* MainCoordinatotTest.swift */ = {isa = PBXFileReference; lastKnownFileType = sourcecode.swift; path = MainCoordinatotTest.swift; sourceTree = "<group>"; };
		1E4DDF0829D39D0D007D1A49 /* NavigationControllerMock.swift */ = {isa = PBXFileReference; lastKnownFileType = sourcecode.swift; path = NavigationControllerMock.swift; sourceTree = "<group>"; };
		1E4DDF0A29D3A16A007D1A49 /* NewsViewControllerTest.swift */ = {isa = PBXFileReference; lastKnownFileType = sourcecode.swift; path = NewsViewControllerTest.swift; sourceTree = "<group>"; };
		1E7D688F296658B300C6C6B8 /* MainCoordinator.swift */ = {isa = PBXFileReference; lastKnownFileType = sourcecode.swift; path = MainCoordinator.swift; sourceTree = "<group>"; };
		1ED6CDD0296B61D500B664DB /* NewsViewModel.swift */ = {isa = PBXFileReference; lastKnownFileType = sourcecode.swift; path = NewsViewModel.swift; sourceTree = "<group>"; };
		1ED6CDD2296B65B100B664DB /* MyNewsModel.swift */ = {isa = PBXFileReference; lastKnownFileType = sourcecode.swift; path = MyNewsModel.swift; sourceTree = "<group>"; };
		1ED6CDD4296B727D00B664DB /* InfoViewModel.swift */ = {isa = PBXFileReference; lastKnownFileType = sourcecode.swift; path = InfoViewModel.swift; sourceTree = "<group>"; };
		1EDA83A72AD60DF000603232 /* TabBarController.swift */ = {isa = PBXFileReference; lastKnownFileType = sourcecode.swift; path = TabBarController.swift; sourceTree = "<group>"; };
		1EDA83AC2AD60F6900603232 /* FavouriteViewController.swift */ = {isa = PBXFileReference; lastKnownFileType = sourcecode.swift; path = FavouriteViewController.swift; sourceTree = "<group>"; };
		1EDA83AE2AD6220C00603232 /* FavouriteViewCell.swift */ = {isa = PBXFileReference; lastKnownFileType = sourcecode.swift; path = FavouriteViewCell.swift; sourceTree = "<group>"; };
		1EDA83B12AD6228E00603232 /* Storage.swift */ = {isa = PBXFileReference; lastKnownFileType = sourcecode.swift; path = Storage.swift; sourceTree = "<group>"; };
		1EDA83B32AD6237E00603232 /* FavouriteViewModel.swift */ = {isa = PBXFileReference; lastKnownFileType = sourcecode.swift; path = FavouriteViewModel.swift; sourceTree = "<group>"; };
		1EDA83B52AD6264B00603232 /* FavouriteNewsModel.swift */ = {isa = PBXFileReference; lastKnownFileType = sourcecode.swift; path = FavouriteNewsModel.swift; sourceTree = "<group>"; };
		1EFE114528F301A5002C0CC1 /* Good News.app */ = {isa = PBXFileReference; explicitFileType = wrapper.application; includeInIndex = 0; path = "Good News.app"; sourceTree = BUILT_PRODUCTS_DIR; };
		1EFE114828F301A5002C0CC1 /* AppDelegate.swift */ = {isa = PBXFileReference; lastKnownFileType = sourcecode.swift; path = AppDelegate.swift; sourceTree = "<group>"; };
		1EFE114A28F301A5002C0CC1 /* SceneDelegate.swift */ = {isa = PBXFileReference; lastKnownFileType = sourcecode.swift; path = SceneDelegate.swift; sourceTree = "<group>"; };
		1EFE114C28F301A5002C0CC1 /* NewsViewController.swift */ = {isa = PBXFileReference; lastKnownFileType = sourcecode.swift; path = NewsViewController.swift; sourceTree = "<group>"; };
		1EFE115128F301A5002C0CC1 /* Assets.xcassets */ = {isa = PBXFileReference; lastKnownFileType = folder.assetcatalog; path = Assets.xcassets; sourceTree = "<group>"; };
		1EFE115428F301A5002C0CC1 /* Base */ = {isa = PBXFileReference; lastKnownFileType = file.storyboard; name = Base; path = Base.lproj/LaunchScreen.storyboard; sourceTree = "<group>"; };
		1EFE115628F301A5002C0CC1 /* Info.plist */ = {isa = PBXFileReference; lastKnownFileType = text.plist.xml; path = Info.plist; sourceTree = "<group>"; };
		1EFE116028F33B0C002C0CC1 /* NewsTableViewCell.swift */ = {isa = PBXFileReference; lastKnownFileType = sourcecode.swift; path = NewsTableViewCell.swift; sourceTree = "<group>"; };
		1EFE116328F33F56002C0CC1 /* APICaller.swift */ = {isa = PBXFileReference; lastKnownFileType = sourcecode.swift; path = APICaller.swift; sourceTree = "<group>"; };
		1EFE116628F34186002C0CC1 /* NewsModel.swift */ = {isa = PBXFileReference; lastKnownFileType = sourcecode.swift; path = NewsModel.swift; sourceTree = "<group>"; };
		7442BD52CA5BFE590BAADC1B /* Pods-Good News.release.xcconfig */ = {isa = PBXFileReference; includeInIndex = 1; lastKnownFileType = text.xcconfig; name = "Pods-Good News.release.xcconfig"; path = "Target Support Files/Pods-Good News/Pods-Good News.release.xcconfig"; sourceTree = "<group>"; };
		7D0C5E1C22D4521833150F1D /* Pods-Good News.debug.xcconfig */ = {isa = PBXFileReference; includeInIndex = 1; lastKnownFileType = text.xcconfig; name = "Pods-Good News.debug.xcconfig"; path = "Target Support Files/Pods-Good News/Pods-Good News.debug.xcconfig"; sourceTree = "<group>"; };
		9A31829A1B3FF8217658719F /* Pods_Good_News.framework */ = {isa = PBXFileReference; explicitFileType = wrapper.framework; includeInIndex = 0; path = Pods_Good_News.framework; sourceTree = BUILT_PRODUCTS_DIR; };
/* End PBXFileReference section */

/* Begin PBXFrameworksBuildPhase section */
		1E451E2429D26D9800BAC231 /* Frameworks */ = {
			isa = PBXFrameworksBuildPhase;
			buildActionMask = 2147483647;
			files = (
			);
			runOnlyForDeploymentPostprocessing = 0;
		};
		1EFE114228F301A5002C0CC1 /* Frameworks */ = {
			isa = PBXFrameworksBuildPhase;
			buildActionMask = 2147483647;
			files = (
				1E1244AA29CA77550031B121 /* SDWebImage in Frameworks */,
				1E1244AC29CA77550031B121 /* SDWebImageMapKit in Frameworks */,
				5B3C5DB7897776DE000B1FB5 /* Pods_Good_News.framework in Frameworks */,
			);
			runOnlyForDeploymentPostprocessing = 0;
		};
/* End PBXFrameworksBuildPhase section */

/* Begin PBXGroup section */
		14BDF853308556753E80792A /* Pods */ = {
			isa = PBXGroup;
			children = (
				7D0C5E1C22D4521833150F1D /* Pods-Good News.debug.xcconfig */,
				7442BD52CA5BFE590BAADC1B /* Pods-Good News.release.xcconfig */,
			);
			path = Pods;
			sourceTree = "<group>";
		};
		1E1130BC2AD86FB20050F12E /* Search */ = {
			isa = PBXGroup;
			children = (
				1E1130BD2AD86FC60050F12E /* SearchViewController.swift */,
				1E1130BF2AD86FD30050F12E /* SearchViewModel.swift */,
				1E1130C12AD871450050F12E /* SearchNewsTableViewCell.swift */,
			);
			path = Search;
			sourceTree = "<group>";
		};
		1E1244AD29CA7A610031B121 /* Modules */ = {
			isa = PBXGroup;
			children = (
				1E1130BC2AD86FB20050F12E /* Search */,
				1EDA83B02AD6227B00603232 /* Storage */,
				1EDA83AB2AD60F4100603232 /* Favourite */,
				1EDA83A62AD60DD900603232 /* Tab */,
				1E1244B029CA7AC00031B121 /* InfoNews */,
				1E1244AF29CA7A7B0031B121 /* News */,
			);
			path = Modules;
			sourceTree = "<group>";
		};
		1E1244AF29CA7A7B0031B121 /* News */ = {
			isa = PBXGroup;
			children = (
				1EFE116028F33B0C002C0CC1 /* NewsTableViewCell.swift */,
				1EFE114C28F301A5002C0CC1 /* NewsViewController.swift */,
				1ED6CDD0296B61D500B664DB /* NewsViewModel.swift */,
				1ED6CDD2296B65B100B664DB /* MyNewsModel.swift */,
				1EFE116628F34186002C0CC1 /* NewsModel.swift */,
			);
			path = News;
			sourceTree = "<group>";
		};
		1E1244B029CA7AC00031B121 /* InfoNews */ = {
			isa = PBXGroup;
			children = (
				1ED6CDD4296B727D00B664DB /* InfoViewModel.swift */,
				1E3525FC28F4DB06001491F6 /* infoViewController.swift */,
			);
			path = InfoNews;
			sourceTree = "<group>";
		};
		1E451E2829D26D9800BAC231 /* Good NewsTests */ = {
			isa = PBXGroup;
			children = (
				1E4DDF0729D39CEF007D1A49 /* Mocks */,
				1E451E2929D26D9800BAC231 /* NewsViewModelTests.swift */,
				1E451E3229D2714200BAC231 /* APIMock.swift */,
				1E4DDF0529D39CBF007D1A49 /* MainCoordinatotTest.swift */,
				1E4DDF0A29D3A16A007D1A49 /* NewsViewControllerTest.swift */,
			);
			path = "Good NewsTests";
			sourceTree = "<group>";
		};
		1E4DDF0729D39CEF007D1A49 /* Mocks */ = {
			isa = PBXGroup;
			children = (
				1E451E3029D26E7300BAC231 /* NewsViewDelegateMock.swift */,
				1E4DDF0829D39D0D007D1A49 /* NavigationControllerMock.swift */,
			);
			path = Mocks;
			sourceTree = "<group>";
		};
		1E7D688E296658A200C6C6B8 /* Coordinator */ = {
			isa = PBXGroup;
			children = (
				1E7D688F296658B300C6C6B8 /* MainCoordinator.swift */,
			);
			path = Coordinator;
			sourceTree = "<group>";
		};
		1EDA83A62AD60DD900603232 /* Tab */ = {
			isa = PBXGroup;
			children = (
				1EDA83A72AD60DF000603232 /* TabBarController.swift */,
			);
			path = Tab;
			sourceTree = "<group>";
		};
		1EDA83AB2AD60F4100603232 /* Favourite */ = {
			isa = PBXGroup;
			children = (
				1EDA83AC2AD60F6900603232 /* FavouriteViewController.swift */,
				1EDA83AE2AD6220C00603232 /* FavouriteViewCell.swift */,
				1EDA83B32AD6237E00603232 /* FavouriteViewModel.swift */,
			);
			path = Favourite;
			sourceTree = "<group>";
		};
		1EDA83B02AD6227B00603232 /* Storage */ = {
			isa = PBXGroup;
			children = (
				1EDA83B12AD6228E00603232 /* Storage.swift */,
				1EDA83B52AD6264B00603232 /* FavouriteNewsModel.swift */,
				1E14A8622AD775C400AC7518 /* CoreDataManager.swift */,
			);
			path = Storage;
			sourceTree = "<group>";
		};
		1EFE113C28F301A5002C0CC1 = {
			isa = PBXGroup;
			children = (
				1EFE114728F301A5002C0CC1 /* Good News */,
				1E451E2829D26D9800BAC231 /* Good NewsTests */,
				1EFE114628F301A5002C0CC1 /* Products */,
				14BDF853308556753E80792A /* Pods */,
				3FA47CFBF630FED6B2CF4B26 /* Frameworks */,
			);
			sourceTree = "<group>";
		};
		1EFE114628F301A5002C0CC1 /* Products */ = {
			isa = PBXGroup;
			children = (
				1EFE114528F301A5002C0CC1 /* Good News.app */,
				1E451E2729D26D9800BAC231 /* Good NewsTests.xctest */,
			);
			name = Products;
			sourceTree = "<group>";
		};
		1EFE114728F301A5002C0CC1 /* Good News */ = {
			isa = PBXGroup;
			children = (
				1E1244AD29CA7A610031B121 /* Modules */,
				1E7D688E296658A200C6C6B8 /* Coordinator */,
				1EFE116228F33F40002C0CC1 /* Networking */,
				1EFE114828F301A5002C0CC1 /* AppDelegate.swift */,
				1EFE114A28F301A5002C0CC1 /* SceneDelegate.swift */,
				1EFE115128F301A5002C0CC1 /* Assets.xcassets */,
				1EFE115328F301A5002C0CC1 /* LaunchScreen.storyboard */,
				1EFE115628F301A5002C0CC1 /* Info.plist */,
				1E14A85F2AD774E000AC7518 /* CoreData.xcdatamodeld */,
			);
			path = "Good News";
			sourceTree = "<group>";
		};
		1EFE116228F33F40002C0CC1 /* Networking */ = {
			isa = PBXGroup;
			children = (
				1EFE116328F33F56002C0CC1 /* APICaller.swift */,
			);
			path = Networking;
			sourceTree = "<group>";
		};
		3FA47CFBF630FED6B2CF4B26 /* Frameworks */ = {
			isa = PBXGroup;
			children = (
				9A31829A1B3FF8217658719F /* Pods_Good_News.framework */,
			);
			name = Frameworks;
			sourceTree = "<group>";
		};
/* End PBXGroup section */

/* Begin PBXNativeTarget section */
		1E451E2629D26D9800BAC231 /* Good NewsTests */ = {
			isa = PBXNativeTarget;
			buildConfigurationList = 1E451E2F29D26D9800BAC231 /* Build configuration list for PBXNativeTarget "Good NewsTests" */;
			buildPhases = (
				1E451E2329D26D9800BAC231 /* Sources */,
				1E451E2429D26D9800BAC231 /* Frameworks */,
				1E451E2529D26D9800BAC231 /* Resources */,
			);
			buildRules = (
			);
			dependencies = (
				1E451E2C29D26D9800BAC231 /* PBXTargetDependency */,
			);
			name = "Good NewsTests";
			productName = "Good NewsTests";
			productReference = 1E451E2729D26D9800BAC231 /* Good NewsTests.xctest */;
			productType = "com.apple.product-type.bundle.unit-test";
		};
		1EFE114428F301A5002C0CC1 /* Good News */ = {
			isa = PBXNativeTarget;
			buildConfigurationList = 1EFE115928F301A5002C0CC1 /* Build configuration list for PBXNativeTarget "Good News" */;
			buildPhases = (
				DABBE63594BE02F5D3F80388 /* [CP] Check Pods Manifest.lock */,
				1EFE114128F301A5002C0CC1 /* Sources */,
				1EFE114228F301A5002C0CC1 /* Frameworks */,
				1EFE114328F301A5002C0CC1 /* Resources */,
				1CDE66522262AAEAA76D4AC8 /* [CP] Embed Pods Frameworks */,
			);
			buildRules = (
			);
			dependencies = (
			);
			name = "Good News";
			packageProductDependencies = (
				1E1244A929CA77550031B121 /* SDWebImage */,
				1E1244AB29CA77550031B121 /* SDWebImageMapKit */,
			);
			productName = "Good News";
			productReference = 1EFE114528F301A5002C0CC1 /* Good News.app */;
			productType = "com.apple.product-type.application";
		};
/* End PBXNativeTarget section */

/* Begin PBXProject section */
		1EFE113D28F301A5002C0CC1 /* Project object */ = {
			isa = PBXProject;
			attributes = {
				BuildIndependentTargetsInParallel = 1;
				LastSwiftUpdateCheck = 1330;
				LastUpgradeCheck = 1330;
				TargetAttributes = {
					1E451E2629D26D9800BAC231 = {
						CreatedOnToolsVersion = 13.3.1;
						TestTargetID = 1EFE114428F301A5002C0CC1;
					};
					1EFE114428F301A5002C0CC1 = {
						CreatedOnToolsVersion = 13.3.1;
					};
				};
			};
			buildConfigurationList = 1EFE114028F301A5002C0CC1 /* Build configuration list for PBXProject "Good News" */;
			compatibilityVersion = "Xcode 13.0";
			developmentRegion = en;
			hasScannedForEncodings = 0;
			knownRegions = (
				en,
				Base,
			);
			mainGroup = 1EFE113C28F301A5002C0CC1;
			packageReferences = (
				1E1244A729CA76AC0031B121 /* XCRemoteSwiftPackageReference "SDWebImage" */,
				1E1244A829CA77550031B121 /* XCRemoteSwiftPackageReference "SDWebImage" */,
			);
			productRefGroup = 1EFE114628F301A5002C0CC1 /* Products */;
			projectDirPath = "";
			projectRoot = "";
			targets = (
				1EFE114428F301A5002C0CC1 /* Good News */,
				1E451E2629D26D9800BAC231 /* Good NewsTests */,
			);
		};
/* End PBXProject section */

/* Begin PBXResourcesBuildPhase section */
		1E451E2529D26D9800BAC231 /* Resources */ = {
			isa = PBXResourcesBuildPhase;
			buildActionMask = 2147483647;
			files = (
			);
			runOnlyForDeploymentPostprocessing = 0;
		};
		1EFE114328F301A5002C0CC1 /* Resources */ = {
			isa = PBXResourcesBuildPhase;
			buildActionMask = 2147483647;
			files = (
				1EFE115528F301A5002C0CC1 /* LaunchScreen.storyboard in Resources */,
				1EFE115228F301A5002C0CC1 /* Assets.xcassets in Resources */,
			);
			runOnlyForDeploymentPostprocessing = 0;
		};
/* End PBXResourcesBuildPhase section */

/* Begin PBXShellScriptBuildPhase section */
		1CDE66522262AAEAA76D4AC8 /* [CP] Embed Pods Frameworks */ = {
			isa = PBXShellScriptBuildPhase;
			buildActionMask = 2147483647;
			files = (
			);
			inputFileListPaths = (
				"${PODS_ROOT}/Target Support Files/Pods-Good News/Pods-Good News-frameworks-${CONFIGURATION}-input-files.xcfilelist",
			);
			name = "[CP] Embed Pods Frameworks";
			outputFileListPaths = (
				"${PODS_ROOT}/Target Support Files/Pods-Good News/Pods-Good News-frameworks-${CONFIGURATION}-output-files.xcfilelist",
			);
			runOnlyForDeploymentPostprocessing = 0;
			shellPath = /bin/sh;
			shellScript = "\"${PODS_ROOT}/Target Support Files/Pods-Good News/Pods-Good News-frameworks.sh\"\n";
			showEnvVarsInLog = 0;
		};
		DABBE63594BE02F5D3F80388 /* [CP] Check Pods Manifest.lock */ = {
			isa = PBXShellScriptBuildPhase;
			buildActionMask = 2147483647;
			files = (
			);
			inputFileListPaths = (
			);
			inputPaths = (
				"${PODS_PODFILE_DIR_PATH}/Podfile.lock",
				"${PODS_ROOT}/Manifest.lock",
			);
			name = "[CP] Check Pods Manifest.lock";
			outputFileListPaths = (
			);
			outputPaths = (
				"$(DERIVED_FILE_DIR)/Pods-Good News-checkManifestLockResult.txt",
			);
			runOnlyForDeploymentPostprocessing = 0;
			shellPath = /bin/sh;
			shellScript = "diff \"${PODS_PODFILE_DIR_PATH}/Podfile.lock\" \"${PODS_ROOT}/Manifest.lock\" > /dev/null\nif [ $? != 0 ] ; then\n    # print error to STDERR\n    echo \"error: The sandbox is not in sync with the Podfile.lock. Run 'pod install' or update your CocoaPods installation.\" >&2\n    exit 1\nfi\n# This output is used by Xcode 'outputs' to avoid re-running this script phase.\necho \"SUCCESS\" > \"${SCRIPT_OUTPUT_FILE_0}\"\n";
			showEnvVarsInLog = 0;
		};
/* End PBXShellScriptBuildPhase section */

/* Begin PBXSourcesBuildPhase section */
		1E451E2329D26D9800BAC231 /* Sources */ = {
			isa = PBXSourcesBuildPhase;
			buildActionMask = 2147483647;
			files = (
				1E451E3329D2714200BAC231 /* APIMock.swift in Sources */,
				1E451E3129D26E7300BAC231 /* NewsViewDelegateMock.swift in Sources */,
				1E4DDF0929D39D0D007D1A49 /* NavigationControllerMock.swift in Sources */,
				1E4DDF0B29D3A16A007D1A49 /* NewsViewControllerTest.swift in Sources */,
				1E451E2A29D26D9800BAC231 /* NewsViewModelTests.swift in Sources */,
				1E4DDF0629D39CBF007D1A49 /* MainCoordinatotTest.swift in Sources */,
			);
			runOnlyForDeploymentPostprocessing = 0;
		};
		1EFE114128F301A5002C0CC1 /* Sources */ = {
			isa = PBXSourcesBuildPhase;
			buildActionMask = 2147483647;
			files = (
				1EDA83AF2AD6220C00603232 /* FavouriteViewCell.swift in Sources */,
				1EFE116728F34186002C0CC1 /* NewsModel.swift in Sources */,
				1E14A8612AD774E000AC7518 /* CoreData.xcdatamodeld in Sources */,
				1E14A8632AD775C400AC7518 /* CoreDataManager.swift in Sources */,
				1E1130C22AD871450050F12E /* SearchNewsTableViewCell.swift in Sources */,
				1EDA83B42AD6237E00603232 /* FavouriteViewModel.swift in Sources */,
				1EDA83A82AD60DF000603232 /* TabBarController.swift in Sources */,
				1ED6CDD3296B65B100B664DB /* MyNewsModel.swift in Sources */,
				1ED6CDD5296B727D00B664DB /* InfoViewModel.swift in Sources */,
				1EFE114D28F301A5002C0CC1 /* NewsViewController.swift in Sources */,
				1EFE114928F301A5002C0CC1 /* AppDelegate.swift in Sources */,
				1E1130BE2AD86FC60050F12E /* SearchViewController.swift in Sources */,
				1EFE116128F33B0C002C0CC1 /* NewsTableViewCell.swift in Sources */,
				1EFE116428F33F56002C0CC1 /* APICaller.swift in Sources */,
				1E3525FD28F4DB06001491F6 /* infoViewController.swift in Sources */,
				1ED6CDD1296B61D500B664DB /* NewsViewModel.swift in Sources */,
				1E1130C02AD86FD30050F12E /* SearchViewModel.swift in Sources */,
				1E7D6890296658B300C6C6B8 /* MainCoordinator.swift in Sources */,
				1EDA83B62AD6264B00603232 /* FavouriteNewsModel.swift in Sources */,
				1EDA83AD2AD60F6900603232 /* FavouriteViewController.swift in Sources */,
				1EFE114B28F301A5002C0CC1 /* SceneDelegate.swift in Sources */,
				1EDA83B22AD6228E00603232 /* Storage.swift in Sources */,
			);
			runOnlyForDeploymentPostprocessing = 0;
		};
/* End PBXSourcesBuildPhase section */

/* Begin PBXTargetDependency section */
		1E451E2C29D26D9800BAC231 /* PBXTargetDependency */ = {
			isa = PBXTargetDependency;
			target = 1EFE114428F301A5002C0CC1 /* Good News */;
			targetProxy = 1E451E2B29D26D9800BAC231 /* PBXContainerItemProxy */;
		};
/* End PBXTargetDependency section */

/* Begin PBXVariantGroup section */
		1EFE115328F301A5002C0CC1 /* LaunchScreen.storyboard */ = {
			isa = PBXVariantGroup;
			children = (
				1EFE115428F301A5002C0CC1 /* Base */,
			);
			name = LaunchScreen.storyboard;
			sourceTree = "<group>";
		};
/* End PBXVariantGroup section */

/* Begin XCBuildConfiguration section */
		1E451E2D29D26D9800BAC231 /* Debug */ = {
			isa = XCBuildConfiguration;
			buildSettings = {
				BUNDLE_LOADER = "$(TEST_HOST)";
				CODE_SIGN_STYLE = Automatic;
				CURRENT_PROJECT_VERSION = 1;
				DEVELOPMENT_TEAM = 5QYF925T95;
				GCC_GENERATE_TEST_COVERAGE_FILES = NO;
				GENERATE_INFOPLIST_FILE = YES;
				MARKETING_VERSION = 1.0;
				PRODUCT_BUNDLE_IDENTIFIER = "Marzabal.Good-NewsTests";
				PRODUCT_NAME = "$(TARGET_NAME)";
				SWIFT_EMIT_LOC_STRINGS = NO;
				SWIFT_VERSION = 5.0;
				TARGETED_DEVICE_FAMILY = "1,2";
				TEST_HOST = "$(BUILT_PRODUCTS_DIR)/Good News.app/Good News";
			};
			name = Debug;
		};
		1E451E2E29D26D9800BAC231 /* Release */ = {
			isa = XCBuildConfiguration;
			buildSettings = {
				BUNDLE_LOADER = "$(TEST_HOST)";
				CODE_SIGN_STYLE = Automatic;
				CURRENT_PROJECT_VERSION = 1;
				DEVELOPMENT_TEAM = 5QYF925T95;
				GCC_GENERATE_TEST_COVERAGE_FILES = NO;
				GENERATE_INFOPLIST_FILE = YES;
				MARKETING_VERSION = 1.0;
				PRODUCT_BUNDLE_IDENTIFIER = "Marzabal.Good-NewsTests";
				PRODUCT_NAME = "$(TARGET_NAME)";
				SWIFT_EMIT_LOC_STRINGS = NO;
				SWIFT_VERSION = 5.0;
				TARGETED_DEVICE_FAMILY = "1,2";
				TEST_HOST = "$(BUILT_PRODUCTS_DIR)/Good News.app/Good News";
			};
			name = Release;
		};
		1EFE115728F301A5002C0CC1 /* Debug */ = {
			isa = XCBuildConfiguration;
			buildSettings = {
				ALWAYS_SEARCH_USER_PATHS = NO;
				CLANG_ANALYZER_NONNULL = YES;
				CLANG_ANALYZER_NUMBER_OBJECT_CONVERSION = YES_AGGRESSIVE;
				CLANG_CXX_LANGUAGE_STANDARD = "gnu++17";
				CLANG_ENABLE_MODULES = YES;
				CLANG_ENABLE_OBJC_ARC = YES;
				CLANG_ENABLE_OBJC_WEAK = YES;
				CLANG_WARN_BLOCK_CAPTURE_AUTORELEASING = YES;
				CLANG_WARN_BOOL_CONVERSION = YES;
				CLANG_WARN_COMMA = YES;
				CLANG_WARN_CONSTANT_CONVERSION = YES;
				CLANG_WARN_DEPRECATED_OBJC_IMPLEMENTATIONS = YES;
				CLANG_WARN_DIRECT_OBJC_ISA_USAGE = YES_ERROR;
				CLANG_WARN_DOCUMENTATION_COMMENTS = YES;
				CLANG_WARN_EMPTY_BODY = YES;
				CLANG_WARN_ENUM_CONVERSION = YES;
				CLANG_WARN_INFINITE_RECURSION = YES;
				CLANG_WARN_INT_CONVERSION = YES;
				CLANG_WARN_NON_LITERAL_NULL_CONVERSION = YES;
				CLANG_WARN_OBJC_IMPLICIT_RETAIN_SELF = YES;
				CLANG_WARN_OBJC_LITERAL_CONVERSION = YES;
				CLANG_WARN_OBJC_ROOT_CLASS = YES_ERROR;
				CLANG_WARN_QUOTED_INCLUDE_IN_FRAMEWORK_HEADER = YES;
				CLANG_WARN_RANGE_LOOP_ANALYSIS = YES;
				CLANG_WARN_STRICT_PROTOTYPES = YES;
				CLANG_WARN_SUSPICIOUS_MOVE = YES;
				CLANG_WARN_UNGUARDED_AVAILABILITY = YES_AGGRESSIVE;
				CLANG_WARN_UNREACHABLE_CODE = YES;
				CLANG_WARN__DUPLICATE_METHOD_MATCH = YES;
				COPY_PHASE_STRIP = NO;
				DEBUG_INFORMATION_FORMAT = dwarf;
				ENABLE_STRICT_OBJC_MSGSEND = YES;
				ENABLE_TESTABILITY = YES;
				GCC_C_LANGUAGE_STANDARD = gnu11;
				GCC_DYNAMIC_NO_PIC = NO;
				GCC_GENERATE_TEST_COVERAGE_FILES = NO;
				GCC_NO_COMMON_BLOCKS = YES;
				GCC_OPTIMIZATION_LEVEL = 0;
				GCC_PREPROCESSOR_DEFINITIONS = (
					"DEBUG=1",
					"$(inherited)",
				);
				GCC_WARN_64_TO_32_BIT_CONVERSION = YES;
				GCC_WARN_ABOUT_RETURN_TYPE = YES_ERROR;
				GCC_WARN_UNDECLARED_SELECTOR = YES;
				GCC_WARN_UNINITIALIZED_AUTOS = YES_AGGRESSIVE;
				GCC_WARN_UNUSED_FUNCTION = YES;
				GCC_WARN_UNUSED_VARIABLE = YES;
				IPHONEOS_DEPLOYMENT_TARGET = 15.4;
				MTL_ENABLE_DEBUG_INFO = INCLUDE_SOURCE;
				MTL_FAST_MATH = YES;
				ONLY_ACTIVE_ARCH = YES;
				SDKROOT = iphoneos;
				SWIFT_ACTIVE_COMPILATION_CONDITIONS = DEBUG;
				SWIFT_OPTIMIZATION_LEVEL = "-Onone";
			};
			name = Debug;
		};
		1EFE115828F301A5002C0CC1 /* Release */ = {
			isa = XCBuildConfiguration;
			buildSettings = {
				ALWAYS_SEARCH_USER_PATHS = NO;
				CLANG_ANALYZER_NONNULL = YES;
				CLANG_ANALYZER_NUMBER_OBJECT_CONVERSION = YES_AGGRESSIVE;
				CLANG_CXX_LANGUAGE_STANDARD = "gnu++17";
				CLANG_ENABLE_MODULES = YES;
				CLANG_ENABLE_OBJC_ARC = YES;
				CLANG_ENABLE_OBJC_WEAK = YES;
				CLANG_WARN_BLOCK_CAPTURE_AUTORELEASING = YES;
				CLANG_WARN_BOOL_CONVERSION = YES;
				CLANG_WARN_COMMA = YES;
				CLANG_WARN_CONSTANT_CONVERSION = YES;
				CLANG_WARN_DEPRECATED_OBJC_IMPLEMENTATIONS = YES;
				CLANG_WARN_DIRECT_OBJC_ISA_USAGE = YES_ERROR;
				CLANG_WARN_DOCUMENTATION_COMMENTS = YES;
				CLANG_WARN_EMPTY_BODY = YES;
				CLANG_WARN_ENUM_CONVERSION = YES;
				CLANG_WARN_INFINITE_RECURSION = YES;
				CLANG_WARN_INT_CONVERSION = YES;
				CLANG_WARN_NON_LITERAL_NULL_CONVERSION = YES;
				CLANG_WARN_OBJC_IMPLICIT_RETAIN_SELF = YES;
				CLANG_WARN_OBJC_LITERAL_CONVERSION = YES;
				CLANG_WARN_OBJC_ROOT_CLASS = YES_ERROR;
				CLANG_WARN_QUOTED_INCLUDE_IN_FRAMEWORK_HEADER = YES;
				CLANG_WARN_RANGE_LOOP_ANALYSIS = YES;
				CLANG_WARN_STRICT_PROTOTYPES = YES;
				CLANG_WARN_SUSPICIOUS_MOVE = YES;
				CLANG_WARN_UNGUARDED_AVAILABILITY = YES_AGGRESSIVE;
				CLANG_WARN_UNREACHABLE_CODE = YES;
				CLANG_WARN__DUPLICATE_METHOD_MATCH = YES;
				COPY_PHASE_STRIP = NO;
				DEBUG_INFORMATION_FORMAT = "dwarf-with-dsym";
				ENABLE_NS_ASSERTIONS = NO;
				ENABLE_STRICT_OBJC_MSGSEND = YES;
				GCC_C_LANGUAGE_STANDARD = gnu11;
				GCC_GENERATE_TEST_COVERAGE_FILES = NO;
				GCC_NO_COMMON_BLOCKS = YES;
				GCC_WARN_64_TO_32_BIT_CONVERSION = YES;
				GCC_WARN_ABOUT_RETURN_TYPE = YES_ERROR;
				GCC_WARN_UNDECLARED_SELECTOR = YES;
				GCC_WARN_UNINITIALIZED_AUTOS = YES_AGGRESSIVE;
				GCC_WARN_UNUSED_FUNCTION = YES;
				GCC_WARN_UNUSED_VARIABLE = YES;
				IPHONEOS_DEPLOYMENT_TARGET = 15.4;
				MTL_ENABLE_DEBUG_INFO = NO;
				MTL_FAST_MATH = YES;
				SDKROOT = iphoneos;
				SWIFT_COMPILATION_MODE = wholemodule;
				SWIFT_OPTIMIZATION_LEVEL = "-O";
				VALIDATE_PRODUCT = YES;
			};
			name = Release;
		};
		1EFE115A28F301A5002C0CC1 /* Debug */ = {
			isa = XCBuildConfiguration;
			baseConfigurationReference = 7D0C5E1C22D4521833150F1D /* Pods-Good News.debug.xcconfig */;
			buildSettings = {
				ASSETCATALOG_COMPILER_APPICON_NAME = AppIcon;
				ASSETCATALOG_COMPILER_GLOBAL_ACCENT_COLOR_NAME = AccentColor;
				CODE_SIGN_STYLE = Automatic;
				CURRENT_PROJECT_VERSION = 1;
				DEVELOPMENT_TEAM = 5QYF925T95;
				GCC_GENERATE_TEST_COVERAGE_FILES = NO;
				GENERATE_INFOPLIST_FILE = YES;
				INFOPLIST_FILE = "Good News/Info.plist";
				INFOPLIST_KEY_UIApplicationSupportsIndirectInputEvents = YES;
				INFOPLIST_KEY_UILaunchStoryboardName = LaunchScreen;
				INFOPLIST_KEY_UISupportedInterfaceOrientations_iPad = "UIInterfaceOrientationPortrait UIInterfaceOrientationPortraitUpsideDown UIInterfaceOrientationLandscapeLeft UIInterfaceOrientationLandscapeRight";
				INFOPLIST_KEY_UISupportedInterfaceOrientations_iPhone = "UIInterfaceOrientationPortrait UIInterfaceOrientationLandscapeLeft UIInterfaceOrientationLandscapeRight";
				LD_RUNPATH_SEARCH_PATHS = (
					"$(inherited)",
					"@executable_path/Frameworks",
				);
				MARKETING_VERSION = 1.0;
				PRODUCT_BUNDLE_IDENTIFIER = "Marzabal.Good-News";
				PRODUCT_NAME = "$(TARGET_NAME)";
				SWIFT_EMIT_LOC_STRINGS = YES;
				SWIFT_VERSION = 5.0;
				TARGETED_DEVICE_FAMILY = "1,2";
			};
			name = Debug;
		};
		1EFE115B28F301A5002C0CC1 /* Release */ = {
			isa = XCBuildConfiguration;
			baseConfigurationReference = 7442BD52CA5BFE590BAADC1B /* Pods-Good News.release.xcconfig */;
			buildSettings = {
				ASSETCATALOG_COMPILER_APPICON_NAME = AppIcon;
				ASSETCATALOG_COMPILER_GLOBAL_ACCENT_COLOR_NAME = AccentColor;
				CODE_SIGN_STYLE = Automatic;
				CURRENT_PROJECT_VERSION = 1;
				DEVELOPMENT_TEAM = 5QYF925T95;
				GCC_GENERATE_TEST_COVERAGE_FILES = NO;
				GENERATE_INFOPLIST_FILE = YES;
				INFOPLIST_FILE = "Good News/Info.plist";
				INFOPLIST_KEY_UIApplicationSupportsIndirectInputEvents = YES;
				INFOPLIST_KEY_UILaunchStoryboardName = LaunchScreen;
				INFOPLIST_KEY_UISupportedInterfaceOrientations_iPad = "UIInterfaceOrientationPortrait UIInterfaceOrientationPortraitUpsideDown UIInterfaceOrientationLandscapeLeft UIInterfaceOrientationLandscapeRight";
				INFOPLIST_KEY_UISupportedInterfaceOrientations_iPhone = "UIInterfaceOrientationPortrait UIInterfaceOrientationLandscapeLeft UIInterfaceOrientationLandscapeRight";
				LD_RUNPATH_SEARCH_PATHS = (
					"$(inherited)",
					"@executable_path/Frameworks",
				);
				MARKETING_VERSION = 1.0;
				PRODUCT_BUNDLE_IDENTIFIER = "Marzabal.Good-News";
				PRODUCT_NAME = "$(TARGET_NAME)";
				SWIFT_EMIT_LOC_STRINGS = YES;
				SWIFT_VERSION = 5.0;
				TARGETED_DEVICE_FAMILY = "1,2";
			};
			name = Release;
		};
/* End XCBuildConfiguration section */

/* Begin XCConfigurationList section */
		1E451E2F29D26D9800BAC231 /* Build configuration list for PBXNativeTarget "Good NewsTests" */ = {
			isa = XCConfigurationList;
			buildConfigurations = (
				1E451E2D29D26D9800BAC231 /* Debug */,
				1E451E2E29D26D9800BAC231 /* Release */,
			);
			defaultConfigurationIsVisible = 0;
			defaultConfigurationName = Release;
		};
		1EFE114028F301A5002C0CC1 /* Build configuration list for PBXProject "Good News" */ = {
			isa = XCConfigurationList;
			buildConfigurations = (
				1EFE115728F301A5002C0CC1 /* Debug */,
				1EFE115828F301A5002C0CC1 /* Release */,
			);
			defaultConfigurationIsVisible = 0;
			defaultConfigurationName = Release;
		};
		1EFE115928F301A5002C0CC1 /* Build configuration list for PBXNativeTarget "Good News" */ = {
			isa = XCConfigurationList;
			buildConfigurations = (
				1EFE115A28F301A5002C0CC1 /* Debug */,
				1EFE115B28F301A5002C0CC1 /* Release */,
			);
			defaultConfigurationIsVisible = 0;
			defaultConfigurationName = Release;
		};
/* End XCConfigurationList section */

/* Begin XCRemoteSwiftPackageReference section */
		1E1244A729CA76AC0031B121 /* XCRemoteSwiftPackageReference "SDWebImage" */ = {
			isa = XCRemoteSwiftPackageReference;
			repositoryURL = "https://github.com/SDWebImage/SDWebImage.git";
			requirement = {
				branch = master;
				kind = branch;
			};
		};
		1E1244A829CA77550031B121 /* XCRemoteSwiftPackageReference "SDWebImage" */ = {
			isa = XCRemoteSwiftPackageReference;
			repositoryURL = "https://github.com/SDWebImage/SDWebImage.git";
			requirement = {
				branch = master;
				kind = branch;
			};
		};
/* End XCRemoteSwiftPackageReference section */

/* Begin XCSwiftPackageProductDependency section */
		1E1244A929CA77550031B121 /* SDWebImage */ = {
			isa = XCSwiftPackageProductDependency;
			package = 1E1244A729CA76AC0031B121 /* XCRemoteSwiftPackageReference "SDWebImage" */;
			productName = SDWebImage;
		};
		1E1244AB29CA77550031B121 /* SDWebImageMapKit */ = {
			isa = XCSwiftPackageProductDependency;
			package = 1E1244A729CA76AC0031B121 /* XCRemoteSwiftPackageReference "SDWebImage" */;
			productName = SDWebImageMapKit;
		};
/* End XCSwiftPackageProductDependency section */

/* Begin XCVersionGroup section */
		1E14A85F2AD774E000AC7518 /* CoreData.xcdatamodeld */ = {
			isa = XCVersionGroup;
			children = (
				1E14A8602AD774E000AC7518 /* CoreData.xcdatamodel */,
			);
			currentVersion = 1E14A8602AD774E000AC7518 /* CoreData.xcdatamodel */;
			path = CoreData.xcdatamodeld;
			sourceTree = "<group>";
			versionGroupType = wrapper.xcdatamodel;
		};
/* End XCVersionGroup section */
	};
	rootObject = 1EFE113D28F301A5002C0CC1 /* Project object */;
}
